// !$*UTF8*$!
{
	archiveVersion = 1;
	classes = {
	};
	objectVersion = 46;
	objects = {

/* Begin PBXBuildFile section */
		DAD2D03D2DBFE8808952ACC4 /* Pods_PageSlideControllerDemo.framework in Frameworks */ = {isa = PBXBuildFile; fileRef = 969A835501B913D058482066 /* Pods_PageSlideControllerDemo.framework */; };
		DE5C42251E03959800722013 /* AppDelegate.m in Sources */ = {isa = PBXBuildFile; fileRef = DE5C420F1E03959800722013 /* AppDelegate.m */; };
		DE5C42261E03959800722013 /* Assets.xcassets in Resources */ = {isa = PBXBuildFile; fileRef = DE5C42101E03959800722013 /* Assets.xcassets */; };
		DE5C42271E03959800722013 /* LaunchScreen.storyboard in Resources */ = {isa = PBXBuildFile; fileRef = DE5C42111E03959800722013 /* LaunchScreen.storyboard */; };
		DE5C42281E03959800722013 /* Main.storyboard in Resources */ = {isa = PBXBuildFile; fileRef = DE5C42131E03959800722013 /* Main.storyboard */; };
		DE5C422A1E03959800722013 /* main.m in Sources */ = {isa = PBXBuildFile; fileRef = DE5C42161E03959800722013 /* main.m */; };
		DE5C422F1E03959800722013 /* PageViewController.m in Sources */ = {isa = PBXBuildFile; fileRef = DE5C42211E03959800722013 /* PageViewController.m */; };
		DE5C42301E03959800722013 /* PageViewController.xib in Resources */ = {isa = PBXBuildFile; fileRef = DE5C42221E03959800722013 /* PageViewController.xib */; };
		DE5C42311E03959800722013 /* ViewController.m in Sources */ = {isa = PBXBuildFile; fileRef = DE5C42241E03959800722013 /* ViewController.m */; };
/* End PBXBuildFile section */

/* Begin PBXFileReference section */
		60673B25755F5DBA1EE8E76E /* Pods-PageSlideControllerDemo.debug.xcconfig */ = {isa = PBXFileReference; includeInIndex = 1; lastKnownFileType = text.xcconfig; name = "Pods-PageSlideControllerDemo.debug.xcconfig"; path = "Target Support Files/Pods-PageSlideControllerDemo/Pods-PageSlideControllerDemo.debug.xcconfig"; sourceTree = "<group>"; };
		969A835501B913D058482066 /* Pods_PageSlideControllerDemo.framework */ = {isa = PBXFileReference; explicitFileType = wrapper.framework; includeInIndex = 0; path = Pods_PageSlideControllerDemo.framework; sourceTree = BUILT_PRODUCTS_DIR; };
		AA55195EDC4CA9BFA25A6772 /* Pods-PageSlideControllerDemo.release.xcconfig */ = {isa = PBXFileReference; includeInIndex = 1; lastKnownFileType = text.xcconfig; name = "Pods-PageSlideControllerDemo.release.xcconfig"; path = "Target Support Files/Pods-PageSlideControllerDemo/Pods-PageSlideControllerDemo.release.xcconfig"; sourceTree = "<group>"; };
		DE5C420E1E03959800722013 /* AppDelegate.h */ = {isa = PBXFileReference; fileEncoding = 4; lastKnownFileType = sourcecode.c.h; path = AppDelegate.h; sourceTree = "<group>"; };
		DE5C420F1E03959800722013 /* AppDelegate.m */ = {isa = PBXFileReference; fileEncoding = 4; lastKnownFileType = sourcecode.c.objc; path = AppDelegate.m; sourceTree = "<group>"; };
		DE5C42101E03959800722013 /* Assets.xcassets */ = {isa = PBXFileReference; lastKnownFileType = folder.assetcatalog; path = Assets.xcassets; sourceTree = "<group>"; };
		DE5C42121E03959800722013 /* Base */ = {isa = PBXFileReference; lastKnownFileType = file.storyboard; name = Base; path = Base.lproj/LaunchScreen.storyboard; sourceTree = "<group>"; };
		DE5C42141E03959800722013 /* Base */ = {isa = PBXFileReference; lastKnownFileType = file.storyboard; name = Base; path = Base.lproj/Main.storyboard; sourceTree = "<group>"; };
		DE5C42151E03959800722013 /* Info.plist */ = {isa = PBXFileReference; fileEncoding = 4; lastKnownFileType = text.plist.xml; path = Info.plist; sourceTree = "<group>"; };
		DE5C42161E03959800722013 /* main.m */ = {isa = PBXFileReference; fileEncoding = 4; lastKnownFileType = sourcecode.c.objc; path = main.m; sourceTree = "<group>"; };
		DE5C42201E03959800722013 /* PageViewController.h */ = {isa = PBXFileReference; fileEncoding = 4; lastKnownFileType = sourcecode.c.h; path = PageViewController.h; sourceTree = "<group>"; };
		DE5C42211E03959800722013 /* PageViewController.m */ = {isa = PBXFileReference; fileEncoding = 4; lastKnownFileType = sourcecode.c.objc; path = PageViewController.m; sourceTree = "<group>"; };
		DE5C42221E03959800722013 /* PageViewController.xib */ = {isa = PBXFileReference; fileEncoding = 4; lastKnownFileType = file.xib; path = PageViewController.xib; sourceTree = "<group>"; };
		DE5C42231E03959800722013 /* ViewController.h */ = {isa = PBXFileReference; fileEncoding = 4; lastKnownFileType = sourcecode.c.h; path = ViewController.h; sourceTree = "<group>"; };
		DE5C42241E03959800722013 /* ViewController.m */ = {isa = PBXFileReference; fileEncoding = 4; lastKnownFileType = sourcecode.c.objc; lineEnding = 0; path = ViewController.m; sourceTree = "<group>"; xcLanguageSpecificationIdentifier = xcode.lang.objc; };
		DECE60511E01470100A49843 /* PageSlideControllerDemo.app */ = {isa = PBXFileReference; explicitFileType = wrapper.application; includeInIndex = 0; path = PageSlideControllerDemo.app; sourceTree = BUILT_PRODUCTS_DIR; };
/* End PBXFileReference section */

/* Begin PBXFrameworksBuildPhase section */
		DECE604E1E01470100A49843 /* Frameworks */ = {
			isa = PBXFrameworksBuildPhase;
			buildActionMask = 2147483647;
			files = (
				DAD2D03D2DBFE8808952ACC4 /* Pods_PageSlideControllerDemo.framework in Frameworks */,
			);
			runOnlyForDeploymentPostprocessing = 0;
		};
/* End PBXFrameworksBuildPhase section */

/* Begin PBXGroup section */
		8F0DCB717C8F42CAB57D6F00 /* Pods */ = {
			isa = PBXGroup;
			children = (
				60673B25755F5DBA1EE8E76E /* Pods-PageSlideControllerDemo.debug.xcconfig */,
				AA55195EDC4CA9BFA25A6772 /* Pods-PageSlideControllerDemo.release.xcconfig */,
			);
			name = Pods;
			path = Pods;
			sourceTree = "<group>";
		};
		DE5C420D1E03959800722013 /* PageSlideControllerDemo */ = {
			isa = PBXGroup;
			children = (
				DE5C420E1E03959800722013 /* AppDelegate.h */,
				DE5C420F1E03959800722013 /* AppDelegate.m */,
				DE5C42231E03959800722013 /* ViewController.h */,
				DE5C42241E03959800722013 /* ViewController.m */,
				DE5C42201E03959800722013 /* PageViewController.h */,
				DE5C42211E03959800722013 /* PageViewController.m */,
				DE5C42221E03959800722013 /* PageViewController.xib */,
				DE5C42111E03959800722013 /* LaunchScreen.storyboard */,
				DE5C42131E03959800722013 /* Main.storyboard */,
				DE5C42321E0395B000722013 /* Support Files */,
			);
			path = PageSlideControllerDemo;
			sourceTree = "<group>";
		};
		DE5C42321E0395B000722013 /* Support Files */ = {
			isa = PBXGroup;
			children = (
				DE5C42101E03959800722013 /* Assets.xcassets */,
				DE5C42151E03959800722013 /* Info.plist */,
				DE5C42161E03959800722013 /* main.m */,
			);
			name = "Support Files";
			sourceTree = "<group>";
		};
		DECE60481E01470100A49843 = {
			isa = PBXGroup;
			children = (
				DE5C420D1E03959800722013 /* PageSlideControllerDemo */,
				DECE60521E01470100A49843 /* Products */,
				8F0DCB717C8F42CAB57D6F00 /* Pods */,
				ECBCF58829C15358674763E3 /* Frameworks */,
			);
			sourceTree = "<group>";
		};
		DECE60521E01470100A49843 /* Products */ = {
			isa = PBXGroup;
			children = (
				DECE60511E01470100A49843 /* PageSlideControllerDemo.app */,
			);
			name = Products;
			sourceTree = "<group>";
		};
		ECBCF58829C15358674763E3 /* Frameworks */ = {
			isa = PBXGroup;
			children = (
				969A835501B913D058482066 /* Pods_PageSlideControllerDemo.framework */,
			);
			name = Frameworks;
			sourceTree = "<group>";
		};
/* End PBXGroup section */

/* Begin PBXNativeTarget section */
		DECE60501E01470100A49843 /* PageSlideControllerDemo */ = {
			isa = PBXNativeTarget;
			buildConfigurationList = DECE607E1E01470200A49843 /* Build configuration list for PBXNativeTarget "PageSlideControllerDemo" */;
			buildPhases = (
				995BFBF689D1E7E5D36CB95F /* [CP] Check Pods Manifest.lock */,
				DECE604D1E01470100A49843 /* Sources */,
				DECE604E1E01470100A49843 /* Frameworks */,
				DECE604F1E01470100A49843 /* Resources */,
				B045FA850648A67C75899AAD /* [CP] Embed Pods Frameworks */,
			);
			buildRules = (
			);
			dependencies = (
			);
			name = PageSlideControllerDemo;
			productName = TabSlideControllerDemo;
			productReference = DECE60511E01470100A49843 /* PageSlideControllerDemo.app */;
			productType = "com.apple.product-type.application";
		};
/* End PBXNativeTarget section */

/* Begin PBXProject section */
		DECE60491E01470100A49843 /* Project object */ = {
			isa = PBXProject;
			attributes = {
				LastUpgradeCheck = 1010;
				ORGANIZATIONNAME = CYYUN;
				TargetAttributes = {
					DECE60501E01470100A49843 = {
						CreatedOnToolsVersion = 8.1;
						DevelopmentTeam = ZF6TVZV5SQ;
						ProvisioningStyle = Automatic;
					};
				};
			};
			buildConfigurationList = DECE604C1E01470100A49843 /* Build configuration list for PBXProject "PageSlideControllerDemo" */;
			compatibilityVersion = "Xcode 3.2";
			developmentRegion = English;
			hasScannedForEncodings = 0;
			knownRegions = (
				English,
				en,
				Base,
			);
			mainGroup = DECE60481E01470100A49843;
			productRefGroup = DECE60521E01470100A49843 /* Products */;
			projectDirPath = "";
			projectRoot = "";
			targets = (
				DECE60501E01470100A49843 /* PageSlideControllerDemo */,
			);
		};
/* End PBXProject section */

/* Begin PBXResourcesBuildPhase section */
		DECE604F1E01470100A49843 /* Resources */ = {
			isa = PBXResourcesBuildPhase;
			buildActionMask = 2147483647;
			files = (
				DE5C42301E03959800722013 /* PageViewController.xib in Resources */,
				DE5C42281E03959800722013 /* Main.storyboard in Resources */,
				DE5C42261E03959800722013 /* Assets.xcassets in Resources */,
				DE5C42271E03959800722013 /* LaunchScreen.storyboard in Resources */,
			);
			runOnlyForDeploymentPostprocessing = 0;
		};
/* End PBXResourcesBuildPhase section */

/* Begin PBXShellScriptBuildPhase section */
		995BFBF689D1E7E5D36CB95F /* [CP] Check Pods Manifest.lock */ = {
			isa = PBXShellScriptBuildPhase;
			buildActionMask = 2147483647;
			files = (
			);
			inputFileListPaths = (
			);
			inputPaths = (
				"${PODS_PODFILE_DIR_PATH}/Podfile.lock",
				"${PODS_ROOT}/Manifest.lock",
			);
			name = "[CP] Check Pods Manifest.lock";
			outputFileListPaths = (
			);
			outputPaths = (
				"$(DERIVED_FILE_DIR)/Pods-PageSlideControllerDemo-checkManifestLockResult.txt",
			);
			runOnlyForDeploymentPostprocessing = 0;
			shellPath = /bin/sh;
			shellScript = "diff \"${PODS_PODFILE_DIR_PATH}/Podfile.lock\" \"${PODS_ROOT}/Manifest.lock\" > /dev/null\nif [ $? != 0 ] ; then\n    # print error to STDERR\n    echo \"error: The sandbox is not in sync with the Podfile.lock. Run 'pod install' or update your CocoaPods installation.\" >&2\n    exit 1\nfi\n# This output is used by Xcode 'outputs' to avoid re-running this script phase.\necho \"SUCCESS\" > \"${SCRIPT_OUTPUT_FILE_0}\"\n";
			showEnvVarsInLog = 0;
		};
		B045FA850648A67C75899AAD /* [CP] Embed Pods Frameworks */ = {
			isa = PBXShellScriptBuildPhase;
			buildActionMask = 2147483647;
			files = (
			);
			inputPaths = (
				"${PODS_ROOT}/Target Support Files/Pods-PageSlideControllerDemo/Pods-PageSlideControllerDemo-frameworks.sh",
				"${BUILT_PRODUCTS_DIR}/CYPageSlideController/CYPageSlideController.framework",
			);
			name = "[CP] Embed Pods Frameworks";
			outputPaths = (
				"${TARGET_BUILD_DIR}/${FRAMEWORKS_FOLDER_PATH}/CYPageSlideController.framework",
			);
			runOnlyForDeploymentPostprocessing = 0;
			shellPath = /bin/sh;
			shellScript = "\"${PODS_ROOT}/Target Support Files/Pods-PageSlideControllerDemo/Pods-PageSlideControllerDemo-frameworks.sh\"\n";
			showEnvVarsInLog = 0;
		};
/* End PBXShellScriptBuildPhase section */

/* Begin PBXSourcesBuildPhase section */
		DECE604D1E01470100A49843 /* Sources */ = {
			isa = PBXSourcesBuildPhase;
			buildActionMask = 2147483647;
			files = (
				DE5C422A1E03959800722013 /* main.m in Sources */,
				DE5C42311E03959800722013 /* ViewController.m in Sources */,
				DE5C42251E03959800722013 /* AppDelegate.m in Sources */,
				DE5C422F1E03959800722013 /* PageViewController.m in Sources */,
			);
			runOnlyForDeploymentPostprocessing = 0;
		};
/* End PBXSourcesBuildPhase section */

/* Begin PBXVariantGroup section */
		DE5C42111E03959800722013 /* LaunchScreen.storyboard */ = {
			isa = PBXVariantGroup;
			children = (
				DE5C42121E03959800722013 /* Base */,
			);
			name = LaunchScreen.storyboard;
			sourceTree = "<group>";
		};
		DE5C42131E03959800722013 /* Main.storyboard */ = {
			isa = PBXVariantGroup;
			children = (
				DE5C42141E03959800722013 /* Base */,
			);
			name = Main.storyboard;
			sourceTree = "<group>";
		};
/* End PBXVariantGroup section */

/* Begin XCBuildConfiguration section */
		DECE607C1E01470200A49843 /* Debug */ = {
			isa = XCBuildConfiguration;
			buildSettings = {
				ALWAYS_SEARCH_USER_PATHS = NO;
				CLANG_ANALYZER_NONNULL = YES;
				CLANG_CXX_LANGUAGE_STANDARD = "gnu++0x";
				CLANG_CXX_LIBRARY = "libc++";
				CLANG_ENABLE_MODULES = YES;
				CLANG_ENABLE_OBJC_ARC = YES;
				CLANG_WARN_BLOCK_CAPTURE_AUTORELEASING = YES;
				CLANG_WARN_BOOL_CONVERSION = YES;
				CLANG_WARN_COMMA = YES;
				CLANG_WARN_CONSTANT_CONVERSION = YES;
				CLANG_WARN_DEPRECATED_OBJC_IMPLEMENTATIONS = YES;
				CLANG_WARN_DIRECT_OBJC_ISA_USAGE = YES_ERROR;
				CLANG_WARN_DOCUMENTATION_COMMENTS = YES;
				CLANG_WARN_EMPTY_BODY = YES;
				CLANG_WARN_ENUM_CONVERSION = YES;
				CLANG_WARN_INFINITE_RECURSION = YES;
				CLANG_WARN_INT_CONVERSION = YES;
				CLANG_WARN_NON_LITERAL_NULL_CONVERSION = YES;
				CLANG_WARN_OBJC_IMPLICIT_RETAIN_SELF = YES;
				CLANG_WARN_OBJC_LITERAL_CONVERSION = YES;
				CLANG_WARN_OBJC_ROOT_CLASS = YES_ERROR;
				CLANG_WARN_RANGE_LOOP_ANALYSIS = YES;
				CLANG_WARN_STRICT_PROTOTYPES = YES;
				CLANG_WARN_SUSPICIOUS_MOVE = YES;
				CLANG_WARN_SUSPICIOUS_MOVES = YES;
				CLANG_WARN_UNREACHABLE_CODE = YES;
				CLANG_WARN__DUPLICATE_METHOD_MATCH = YES;
				"CODE_SIGN_IDENTITY[sdk=iphoneos*]" = "iPhone Developer";
				COPY_PHASE_STRIP = NO;
				DEBUG_INFORMATION_FORMAT = dwarf;
				ENABLE_STRICT_OBJC_MSGSEND = YES;
				ENABLE_TESTABILITY = YES;
				GCC_C_LANGUAGE_STANDARD = gnu99;
				GCC_DYNAMIC_NO_PIC = NO;
				GCC_NO_COMMON_BLOCKS = YES;
				GCC_OPTIMIZATION_LEVEL = 0;
				GCC_PREPROCESSOR_DEFINITIONS = (
					"DEBUG=1",
					"$(inherited)",
				);
				GCC_WARN_64_TO_32_BIT_CONVERSION = YES;
				GCC_WARN_ABOUT_RETURN_TYPE = YES_ERROR;
				GCC_WARN_UNDECLARED_SELECTOR = YES;
				GCC_WARN_UNINITIALIZED_AUTOS = YES_AGGRESSIVE;
				GCC_WARN_UNUSED_FUNCTION = YES;
				GCC_WARN_UNUSED_VARIABLE = YES;
				IPHONEOS_DEPLOYMENT_TARGET = 10.1;
				MTL_ENABLE_DEBUG_INFO = YES;
				ONLY_ACTIVE_ARCH = YES;
				SDKROOT = iphoneos;
			};
			name = Debug;
		};
		DECE607D1E01470200A49843 /* Release */ = {
			isa = XCBuildConfiguration;
			buildSettings = {
				ALWAYS_SEARCH_USER_PATHS = NO;
				CLANG_ANALYZER_NONNULL = YES;
				CLANG_CXX_LANGUAGE_STANDARD = "gnu++0x";
				CLANG_CXX_LIBRARY = "libc++";
				CLANG_ENABLE_MODULES = YES;
				CLANG_ENABLE_OBJC_ARC = YES;
				CLANG_WARN_BLOCK_CAPTURE_AUTORELEASING = YES;
				CLANG_WARN_BOOL_CONVERSION = YES;
				CLANG_WARN_COMMA = YES;
				CLANG_WARN_CONSTANT_CONVERSION = YES;
				CLANG_WARN_DEPRECATED_OBJC_IMPLEMENTATIONS = YES;
				CLANG_WARN_DIRECT_OBJC_ISA_USAGE = YES_ERROR;
				CLANG_WARN_DOCUMENTATION_COMMENTS = YES;
				CLANG_WARN_EMPTY_BODY = YES;
				CLANG_WARN_ENUM_CONVERSION = YES;
				CLANG_WARN_INFINITE_RECURSION = YES;
				CLANG_WARN_INT_CONVERSION = YES;
				CLANG_WARN_NON_LITERAL_NULL_CONVERSION = YES;
				CLANG_WARN_OBJC_IMPLICIT_RETAIN_SELF = YES;
				CLANG_WARN_OBJC_LITERAL_CONVERSION = YES;
				CLANG_WARN_OBJC_ROOT_CLASS = YES_ERROR;
				CLANG_WARN_RANGE_LOOP_ANALYSIS = YES;
				CLANG_WARN_STRICT_PROTOTYPES = YES;
				CLANG_WARN_SUSPICIOUS_MOVE = YES;
				CLANG_WARN_SUSPICIOUS_MOVES = YES;
				CLANG_WARN_UNREACHABLE_CODE = YES;
				CLANG_WARN__DUPLICATE_METHOD_MATCH = YES;
				"CODE_SIGN_IDENTITY[sdk=iphoneos*]" = "iPhone Developer";
				COPY_PHASE_STRIP = NO;
				DEBUG_INFORMATION_FORMAT = "dwarf-with-dsym";
				ENABLE_NS_ASSERTIONS = NO;
				ENABLE_STRICT_OBJC_MSGSEND = YES;
				GCC_C_LANGUAGE_STANDARD = gnu99;
				GCC_NO_COMMON_BLOCKS = YES;
				GCC_WARN_64_TO_32_BIT_CONVERSION = YES;
				GCC_WARN_ABOUT_RETURN_TYPE = YES_ERROR;
				GCC_WARN_UNDECLARED_SELECTOR = YES;
				GCC_WARN_UNINITIALIZED_AUTOS = YES_AGGRESSIVE;
				GCC_WARN_UNUSED_FUNCTION = YES;
				GCC_WARN_UNUSED_VARIABLE = YES;
				IPHONEOS_DEPLOYMENT_TARGET = 10.1;
				MTL_ENABLE_DEBUG_INFO = NO;
				SDKROOT = iphoneos;
				VALIDATE_PRODUCT = YES;
			};
			name = Release;
		};
		DECE607F1E01470200A49843 /* Debug */ = {
			isa = XCBuildConfiguration;
			baseConfigurationReference = 60673B25755F5DBA1EE8E76E /* Pods-PageSlideControllerDemo.debug.xcconfig */;
			buildSettings = {
				ASSETCATALOG_COMPILER_APPICON_NAME = AppIcon;
				DEVELOPMENT_TEAM = ZF6TVZV5SQ;
				INFOPLIST_FILE = PageSlideControllerDemo/Info.plist;
				IPHONEOS_DEPLOYMENT_TARGET = 8.0;
				LD_RUNPATH_SEARCH_PATHS = "$(inherited) @executable_path/Frameworks";
				PRODUCT_BUNDLE_IDENTIFIER = com.cyyun.TabSlideControllerDemo;
				PRODUCT_NAME = "$(TARGET_NAME)";
			};
			name = Debug;
		};
		DECE60801E01470200A49843 /* Release */ = {
			isa = XCBuildConfiguration;
			baseConfigurationReference = AA55195EDC4CA9BFA25A6772 /* Pods-PageSlideControllerDemo.release.xcconfig */;
			buildSettings = {
				ASSETCATALOG_COMPILER_APPICON_NAME = AppIcon;
				DEVELOPMENT_TEAM = ZF6TVZV5SQ;
				INFOPLIST_FILE = PageSlideControllerDemo/Info.plist;
				IPHONEOS_DEPLOYMENT_TARGET = 8.0;
				LD_RUNPATH_SEARCH_PATHS = "$(inherited) @executable_path/Frameworks";
				PRODUCT_BUNDLE_IDENTIFIER = com.cyyun.TabSlideControllerDemo;
				PRODUCT_NAME = "$(TARGET_NAME)";
			};
			name = Release;
		};
/* End XCBuildConfiguration section */

/* Begin XCConfigurationList section */
		DECE604C1E01470100A49843 /* Build configuration list for PBXProject "PageSlideControllerDemo" */ = {
			isa = XCConfigurationList;
			buildConfigurations = (
				DECE607C1E01470200A49843 /* Debug */,
				DECE607D1E01470200A49843 /* Release */,
			);
			defaultConfigurationIsVisible = 0;
			defaultConfigurationName = Release;
		};
		DECE607E1E01470200A49843 /* Build configuration list for PBXNativeTarget "PageSlideControllerDemo" */ = {
			isa = XCConfigurationList;
			buildConfigurations = (
				DECE607F1E01470200A49843 /* Debug */,
				DECE60801E01470200A49843 /* Release */,
			);
			defaultConfigurationIsVisible = 0;
			defaultConfigurationName = Release;
		};
/* End XCConfigurationList section */
	};
	rootObject = DECE60491E01470100A49843 /* Project object */;
}
